
Microsoft Visual Studio Solution File, Format Version 12.00
# Visual Studio 15
VisualStudioVersion = 15.0.28307.572
MinimumVisualStudioVersion = 10.0.40219.1
Project("{FAE04EC0-301F-11D3-BF4B-00C04F79EFBC}") = "FirstQRCode", "FirstQRCode\FirstQRCode.csproj", "{859EDA83-CF27-489B-8652-1A67BA3CCCD7}"
EndProject
Global
	GlobalSection(SolutionConfigurationPlatforms) = preSolution
		Debug|Any CPU = Debug|Any CPU
		Release|Any CPU = Release|Any CPU
	EndGlobalSection
	GlobalSection(ProjectConfigurationPlatforms) = postSolution
		{859EDA83-CF27-489B-8652-1A67BA3CCCD7}.Debug|Any CPU.ActiveCfg = Debug|Any CPU
		{859EDA83-CF27-489B-8652-1A67BA3CCCD7}.Debug|Any CPU.Build.0 = Debug|Any CPU
		{859EDA83-CF27-489B-8652-1A67BA3CCCD7}.Release|Any CPU.ActiveCfg = Release|Any CPU
		{859EDA83-CF27-489B-8652-1A67BA3CCCD7}.Release|Any CPU.Build.0 = Release|Any CPU
	EndGlobalSection
	GlobalSection(SolutionProperties) = preSolution
		HideSolutionNode = FALSE
	EndGlobalSection
	GlobalSection(ExtensibilityGlobals) = postSolution
		SolutionGuid = {F61D0A53-7964-4D94-8F0B-6BA2955F1AF9}
	EndGlobalSection
EndGlobal
